
Microsoft Visual Studio Solution File, Format Version 12.00
# Visual Studio 15
VisualStudioVersion = 15.0.28307.329
MinimumVisualStudioVersion = 10.0.40219.1
Project("{9A19103F-16F7-4668-BE54-9A1E7A4F7556}") = "sandy", "sandy\sandy.csproj", "{9CBD03EA-4690-4EF0-BD55-71FC9AC471EF}"
EndProject
Project("{FAE04EC0-301F-11D3-BF4B-00C04F79EFBC}") = "SandyTest", "SandyTest\SandyTest.csproj", "{38CF97D5-3690-4FAD-8D1C-647AEB17B92F}"
EndProject
Global
	GlobalSection(SolutionConfigurationPlatforms) = preSolution
		Debug|Any CPU = Debug|Any CPU
		Release|Any CPU = Release|Any CPU
	EndGlobalSection
	GlobalSection(ProjectConfigurationPlatforms) = postSolution
		{9CBD03EA-4690-4EF0-BD55-71FC9AC471EF}.Debug|Any CPU.ActiveCfg = Debug|Any CPU
		{9CBD03EA-4690-4EF0-BD55-71FC9AC471EF}.Debug|Any CPU.Build.0 = Debug|Any CPU
		{9CBD03EA-4690-4EF0-BD55-71FC9AC471EF}.Release|Any CPU.ActiveCfg = Release|Any CPU
		{9CBD03EA-4690-4EF0-BD55-71FC9AC471EF}.Release|Any CPU.Build.0 = Release|Any CPU
		{38CF97D5-3690-4FAD-8D1C-647AEB17B92F}.Debug|Any CPU.ActiveCfg = Debug|Any CPU
		{38CF97D5-3690-4FAD-8D1C-647AEB17B92F}.Debug|Any CPU.Build.0 = Debug|Any CPU
		{38CF97D5-3690-4FAD-8D1C-647AEB17B92F}.Release|Any CPU.ActiveCfg = Release|Any CPU
		{38CF97D5-3690-4FAD-8D1C-647AEB17B92F}.Release|Any CPU.Build.0 = Release|Any CPU
	EndGlobalSection
	GlobalSection(SolutionProperties) = preSolution
		HideSolutionNode = FALSE
	EndGlobalSection
	GlobalSection(ExtensibilityGlobals) = postSolution
		SolutionGuid = {8B09007B-2CC0-405F-A3E2-35C49306FBBC}
	EndGlobalSection
EndGlobal
